// !$*UTF8*$!
{
	archiveVersion = 1;
	classes = {
	};
	objectVersion = 50;
	objects = {

/* Begin PBXBuildFile section */
		6991D6512137F7D0000828FF /* AppDelegate.swift in Sources */ = {isa = PBXBuildFile; fileRef = 6991D6502137F7D0000828FF /* AppDelegate.swift */; };
		6991D6532137F7D0000828FF /* ViewController.swift in Sources */ = {isa = PBXBuildFile; fileRef = 6991D6522137F7D0000828FF /* ViewController.swift */; };
		6991D6562137F7D0000828FF /* Main.storyboard in Resources */ = {isa = PBXBuildFile; fileRef = 6991D6542137F7D0000828FF /* Main.storyboard */; };
		6991D6592137F7D0000828FF /* memory_leak.xcdatamodeld in Sources */ = {isa = PBXBuildFile; fileRef = 6991D6572137F7D0000828FF /* memory_leak.xcdatamodeld */; };
		6991D65B2137F7D3000828FF /* Assets.xcassets in Resources */ = {isa = PBXBuildFile; fileRef = 6991D65A2137F7D3000828FF /* Assets.xcassets */; };
		6991D65E2137F7D3000828FF /* LaunchScreen.storyboard in Resources */ = {isa = PBXBuildFile; fileRef = 6991D65C2137F7D3000828FF /* LaunchScreen.storyboard */; };
/* End PBXBuildFile section */

/* Begin PBXFileReference section */
		6991D64D2137F7D0000828FF /* memory leak.app */ = {isa = PBXFileReference; explicitFileType = wrapper.application; includeInIndex = 0; path = "memory leak.app"; sourceTree = BUILT_PRODUCTS_DIR; };
		6991D6502137F7D0000828FF /* AppDelegate.swift */ = {isa = PBXFileReference; lastKnownFileType = sourcecode.swift; path = AppDelegate.swift; sourceTree = "<group>"; };
		6991D6522137F7D0000828FF /* ViewController.swift */ = {isa = PBXFileReference; lastKnownFileType = sourcecode.swift; path = ViewController.swift; sourceTree = "<group>"; };
		6991D6552137F7D0000828FF /* Base */ = {isa = PBXFileReference; lastKnownFileType = file.storyboard; name = Base; path = Base.lproj/Main.storyboard; sourceTree = "<group>"; };
		6991D6582137F7D0000828FF /* memory_leak.xcdatamodel */ = {isa = PBXFileReference; lastKnownFileType = wrapper.xcdatamodel; path = memory_leak.xcdatamodel; sourceTree = "<group>"; };
		6991D65A2137F7D3000828FF /* Assets.xcassets */ = {isa = PBXFileReference; lastKnownFileType = folder.assetcatalog; path = Assets.xcassets; sourceTree = "<group>"; };
		6991D65D2137F7D3000828FF /* Base */ = {isa = PBXFileReference; lastKnownFileType = file.storyboard; name = Base; path = Base.lproj/LaunchScreen.storyboard; sourceTree = "<group>"; };
		6991D65F2137F7D3000828FF /* Info.plist */ = {isa = PBXFileReference; lastKnownFileType = text.plist.xml; path = Info.plist; sourceTree = "<group>"; };
/* End PBXFileReference section */

/* Begin PBXFrameworksBuildPhase section */
		6991D64A2137F7D0000828FF /* Frameworks */ = {
			isa = PBXFrameworksBuildPhase;
			buildActionMask = 2147483647;
			files = (
			);
			runOnlyForDeploymentPostprocessing = 0;
		};
/* End PBXFrameworksBuildPhase section */

/* Begin PBXGroup section */
		6991D6442137F7D0000828FF = {
			isa = PBXGroup;
			children = (
				6991D64F2137F7D0000828FF /* memory leak */,
				6991D64E2137F7D0000828FF /* Products */,
			);
			sourceTree = "<group>";
		};
		6991D64E2137F7D0000828FF /* Products */ = {
			isa = PBXGroup;
			children = (
				6991D64D2137F7D0000828FF /* memory leak.app */,
			);
			name = Products;
			sourceTree = "<group>";
		};
		6991D64F2137F7D0000828FF /* memory leak */ = {
			isa = PBXGroup;
			children = (
				6991D6502137F7D0000828FF /* AppDelegate.swift */,
				6991D6522137F7D0000828FF /* ViewController.swift */,
				6991D6542137F7D0000828FF /* Main.storyboard */,
				6991D65A2137F7D3000828FF /* Assets.xcassets */,
				6991D65C2137F7D3000828FF /* LaunchScreen.storyboard */,
				6991D65F2137F7D3000828FF /* Info.plist */,
				6991D6572137F7D0000828FF /* memory_leak.xcdatamodeld */,
			);
			path = "memory leak";
			sourceTree = "<group>";
		};
/* End PBXGroup section */

/* Begin PBXNativeTarget section */
		6991D64C2137F7D0000828FF /* memory leak */ = {
			isa = PBXNativeTarget;
			buildConfigurationList = 6991D6622137F7D3000828FF /* Build configuration list for PBXNativeTarget "memory leak" */;
			buildPhases = (
				6991D6492137F7D0000828FF /* Sources */,
				6991D64A2137F7D0000828FF /* Frameworks */,
				6991D64B2137F7D0000828FF /* Resources */,
			);
			buildRules = (
			);
			dependencies = (
			);
			name = "memory leak";
			productName = "memory leak";
			productReference = 6991D64D2137F7D0000828FF /* memory leak.app */;
			productType = "com.apple.product-type.application";
		};
/* End PBXNativeTarget section */

/* Begin PBXProject section */
		6991D6452137F7D0000828FF /* Project object */ = {
			isa = PBXProject;
			attributes = {
				LastSwiftUpdateCheck = 0940;
				LastUpgradeCheck = 0940;
				ORGANIZATIONNAME = AliceChang;
				TargetAttributes = {
					6991D64C2137F7D0000828FF = {
						CreatedOnToolsVersion = 9.4.1;
					};
				};
			};
			buildConfigurationList = 6991D6482137F7D0000828FF /* Build configuration list for PBXProject "memory leak" */;
			compatibilityVersion = "Xcode 9.3";
			developmentRegion = en;
			hasScannedForEncodings = 0;
			knownRegions = (
				en,
				Base,
			);
			mainGroup = 6991D6442137F7D0000828FF;
			productRefGroup = 6991D64E2137F7D0000828FF /* Products */;
			projectDirPath = "";
			projectRoot = "";
			targets = (
				6991D64C2137F7D0000828FF /* memory leak */,
			);
		};
/* End PBXProject section */

/* Begin PBXResourcesBuildPhase section */
		6991D64B2137F7D0000828FF /* Resources */ = {
			isa = PBXResourcesBuildPhase;
			buildActionMask = 2147483647;
			files = (
				6991D65E2137F7D3000828FF /* LaunchScreen.storyboard in Resources */,
				6991D65B2137F7D3000828FF /* Assets.xcassets in Resources */,
				6991D6562137F7D0000828FF /* Main.storyboard in Resources */,
			);
			runOnlyForDeploymentPostprocessing = 0;
		};
/* End PBXResourcesBuildPhase section */

/* Begin PBXSourcesBuildPhase section */
		6991D6492137F7D0000828FF /* Sources */ = {
			isa = PBXSourcesBuildPhase;
			buildActionMask = 2147483647;
			files = (
				6991D6532137F7D0000828FF /* ViewController.swift in Sources */,
				6991D6592137F7D0000828FF /* memory_leak.xcdatamodeld in Sources */,
				6991D6512137F7D0000828FF /* AppDelegate.swift in Sources */,
			);
			runOnlyForDeploymentPostprocessing = 0;
		};
/* End PBXSourcesBuildPhase section */

/* Begin PBXVariantGroup section */
		6991D6542137F7D0000828FF /* Main.storyboard */ = {
			isa = PBXVariantGroup;
			children = (
				6991D6552137F7D0000828FF /* Base */,
			);
			name = Main.storyboard;
			sourceTree = "<group>";
		};
		6991D65C2137F7D3000828FF /* LaunchScreen.storyboard */ = {
			isa = PBXVariantGroup;
			children = (
				6991D65D2137F7D3000828FF /* Base */,
			);
			name = LaunchScreen.storyboard;
			sourceTree = "<group>";
		};
/* End PBXVariantGroup section */

/* Begin XCBuildConfiguration section */
		6991D6602137F7D3000828FF /* Debug */ = {
			isa = XCBuildConfiguration;
			buildSettings = {
				ALWAYS_SEARCH_USER_PATHS = NO;
				CLANG_ANALYZER_NONNULL = YES;
				CLANG_ANALYZER_NUMBER_OBJECT_CONVERSION = YES_AGGRESSIVE;
				CLANG_CXX_LANGUAGE_STANDARD = "gnu++14";
				CLANG_CXX_LIBRARY = "libc++";
				CLANG_ENABLE_MODULES = YES;
				CLANG_ENABLE_OBJC_ARC = YES;
				CLANG_ENABLE_OBJC_WEAK = YES;
				CLANG_WARN_BLOCK_CAPTURE_AUTORELEASING = YES;
				CLANG_WARN_BOOL_CONVERSION = YES;
				CLANG_WARN_COMMA = YES;
				CLANG_WARN_CONSTANT_CONVERSION = YES;
				CLANG_WARN_DEPRECATED_OBJC_IMPLEMENTATIONS = YES;
				CLANG_WARN_DIRECT_OBJC_ISA_USAGE = YES_ERROR;
				CLANG_WARN_DOCUMENTATION_COMMENTS = YES;
				CLANG_WARN_EMPTY_BODY = YES;
				CLANG_WARN_ENUM_CONVERSION = YES;
				CLANG_WARN_INFINITE_RECURSION = YES;
				CLANG_WARN_INT_CONVERSION = YES;
				CLANG_WARN_NON_LITERAL_NULL_CONVERSION = YES;
				CLANG_WARN_OBJC_IMPLICIT_RETAIN_SELF = YES;
				CLANG_WARN_OBJC_LITERAL_CONVERSION = YES;
				CLANG_WARN_OBJC_ROOT_CLASS = YES_ERROR;
				CLANG_WARN_RANGE_LOOP_ANALYSIS = YES;
				CLANG_WARN_STRICT_PROTOTYPES = YES;
				CLANG_WARN_SUSPICIOUS_MOVE = YES;
				CLANG_WARN_UNGUARDED_AVAILABILITY = YES_AGGRESSIVE;
				CLANG_WARN_UNREACHABLE_CODE = YES;
				CLANG_WARN__DUPLICATE_METHOD_MATCH = YES;
				CODE_SIGN_IDENTITY = "iPhone Developer";
				COPY_PHASE_STRIP = NO;
				DEBUG_INFORMATION_FORMAT = dwarf;
				ENABLE_STRICT_OBJC_MSGSEND = YES;
				ENABLE_TESTABILITY = YES;
				GCC_C_LANGUAGE_STANDARD = gnu11;
				GCC_DYNAMIC_NO_PIC = NO;
				GCC_NO_COMMON_BLOCKS = YES;
				GCC_OPTIMIZATION_LEVEL = 0;
				GCC_PREPROCESSOR_DEFINITIONS = (
					"DEBUG=1",
					"$(inherited)",
				);
				GCC_WARN_64_TO_32_BIT_CONVERSION = YES;
				GCC_WARN_ABOUT_RETURN_TYPE = YES_ERROR;
				GCC_WARN_UNDECLARED_SELECTOR = YES;
				GCC_WARN_UNINITIALIZED_AUTOS = YES_AGGRESSIVE;
				GCC_WARN_UNUSED_FUNCTION = YES;
				GCC_WARN_UNUSED_VARIABLE = YES;
				IPHONEOS_DEPLOYMENT_TARGET = 11.4;
				MTL_ENABLE_DEBUG_INFO = YES;
				ONLY_ACTIVE_ARCH = YES;
				SDKROOT = iphoneos;
				SWIFT_ACTIVE_COMPILATION_CONDITIONS = DEBUG;
				SWIFT_OPTIMIZATION_LEVEL = "-Onone";
			};
			name = Debug;
		};
		6991D6612137F7D3000828FF /* Release */ = {
			isa = XCBuildConfiguration;
			buildSettings = {
				ALWAYS_SEARCH_USER_PATHS = NO;
				CLANG_ANALYZER_NONNULL = YES;
				CLANG_ANALYZER_NUMBER_OBJECT_CONVERSION = YES_AGGRESSIVE;
				CLANG_CXX_LANGUAGE_STANDARD = "gnu++14";
				CLANG_CXX_LIBRARY = "libc++";
				CLANG_ENABLE_MODULES = YES;
				CLANG_ENABLE_OBJC_ARC = YES;
				CLANG_ENABLE_OBJC_WEAK = YES;
				CLANG_WARN_BLOCK_CAPTURE_AUTORELEASING = YES;
				CLANG_WARN_BOOL_CONVERSION = YES;
				CLANG_WARN_COMMA = YES;
				CLANG_WARN_CONSTANT_CONVERSION = YES;
				CLANG_WARN_DEPRECATED_OBJC_IMPLEMENTATIONS = YES;
				CLANG_WARN_DIRECT_OBJC_ISA_USAGE = YES_ERROR;
				CLANG_WARN_DOCUMENTATION_COMMENTS = YES;
				CLANG_WARN_EMPTY_BODY = YES;
				CLANG_WARN_ENUM_CONVERSION = YES;
				CLANG_WARN_INFINITE_RECURSION = YES;
				CLANG_WARN_INT_CONVERSION = YES;
				CLANG_WARN_NON_LITERAL_NULL_CONVERSION = YES;
				CLANG_WARN_OBJC_IMPLICIT_RETAIN_SELF = YES;
				CLANG_WARN_OBJC_LITERAL_CONVERSION = YES;
				CLANG_WARN_OBJC_ROOT_CLASS = YES_ERROR;
				CLANG_WARN_RANGE_LOOP_ANALYSIS = YES;
				CLANG_WARN_STRICT_PROTOTYPES = YES;
				CLANG_WARN_SUSPICIOUS_MOVE = YES;
				CLANG_WARN_UNGUARDED_AVAILABILITY = YES_AGGRESSIVE;
				CLANG_WARN_UNREACHABLE_CODE = YES;
				CLANG_WARN__DUPLICATE_METHOD_MATCH = YES;
				CODE_SIGN_IDENTITY = "iPhone Developer";
				COPY_PHASE_STRIP = NO;
				DEBUG_INFORMATION_FORMAT = "dwarf-with-dsym";
				ENABLE_NS_ASSERTIONS = NO;
				ENABLE_STRICT_OBJC_MSGSEND = YES;
				GCC_C_LANGUAGE_STANDARD = gnu11;
				GCC_NO_COMMON_BLOCKS = YES;
				GCC_WARN_64_TO_32_BIT_CONVERSION = YES;
				GCC_WARN_ABOUT_RETURN_TYPE = YES_ERROR;
				GCC_WARN_UNDECLARED_SELECTOR = YES;
				GCC_WARN_UNINITIALIZED_AUTOS = YES_AGGRESSIVE;
				GCC_WARN_UNUSED_FUNCTION = YES;
				GCC_WARN_UNUSED_VARIABLE = YES;
				IPHONEOS_DEPLOYMENT_TARGET = 11.4;
				MTL_ENABLE_DEBUG_INFO = NO;
				SDKROOT = iphoneos;
				SWIFT_COMPILATION_MODE = wholemodule;
				SWIFT_OPTIMIZATION_LEVEL = "-O";
				VALIDATE_PRODUCT = YES;
			};
			name = Release;
		};
		6991D6632137F7D3000828FF /* Debug */ = {
			isa = XCBuildConfiguration;
			buildSettings = {
				ASSETCATALOG_COMPILER_APPICON_NAME = AppIcon;
				CODE_SIGN_STYLE = Automatic;
				DEVELOPMENT_TEAM = CHZWYBA9N7;
				INFOPLIST_FILE = "memory leak/Info.plist";
				LD_RUNPATH_SEARCH_PATHS = (
					"$(inherited)",
					"@executable_path/Frameworks",
				);
				PRODUCT_BUNDLE_IDENTIFIER = "com.AliceChang.memory-leak";
				PRODUCT_NAME = "$(TARGET_NAME)";
				SWIFT_VERSION = 4.0;
				TARGETED_DEVICE_FAMILY = "1,2";
			};
			name = Debug;
		};
		6991D6642137F7D3000828FF /* Release */ = {
			isa = XCBuildConfiguration;
			buildSettings = {
				ASSETCATALOG_COMPILER_APPICON_NAME = AppIcon;
				CODE_SIGN_STYLE = Automatic;
				DEVELOPMENT_TEAM = CHZWYBA9N7;
				INFOPLIST_FILE = "memory leak/Info.plist";
				LD_RUNPATH_SEARCH_PATHS = (
					"$(inherited)",
					"@executable_path/Frameworks",
				);
				PRODUCT_BUNDLE_IDENTIFIER = "com.AliceChang.memory-leak";
				PRODUCT_NAME = "$(TARGET_NAME)";
				SWIFT_VERSION = 4.0;
				TARGETED_DEVICE_FAMILY = "1,2";
			};
			name = Release;
		};
/* End XCBuildConfiguration section */

/* Begin XCConfigurationList section */
		6991D6482137F7D0000828FF /* Build configuration list for PBXProject "memory leak" */ = {
			isa = XCConfigurationList;
			buildConfigurations = (
				6991D6602137F7D3000828FF /* Debug */,
				6991D6612137F7D3000828FF /* Release */,
			);
			defaultConfigurationIsVisible = 0;
			defaultConfigurationName = Release;
		};
		6991D6622137F7D3000828FF /* Build configuration list for PBXNativeTarget "memory leak" */ = {
			isa = XCConfigurationList;
			buildConfigurations = (
				6991D6632137F7D3000828FF /* Debug */,
				6991D6642137F7D3000828FF /* Release */,
			);
			defaultConfigurationIsVisible = 0;
			defaultConfigurationName = Release;
		};
/* End XCConfigurationList section */

/* Begin XCVersionGroup section */
		6991D6572137F7D0000828FF /* memory_leak.xcdatamodeld */ = {
			isa = XCVersionGroup;
			children = (
				6991D6582137F7D0000828FF /* memory_leak.xcdatamodel */,
			);
			currentVersion = 6991D6582137F7D0000828FF /* memory_leak.xcdatamodel */;
			path = memory_leak.xcdatamodeld;
			sourceTree = "<group>";
			versionGroupType = wrapper.xcdatamodel;
		};
/* End XCVersionGroup section */
	};
	rootObject = 6991D6452137F7D0000828FF /* Project object */;
}
